
Microsoft Visual Studio Solution File, Format Version 12.00
# Visual Studio Version 17
VisualStudioVersion = 17.8.34330.188
MinimumVisualStudioVersion = 10.0.40219.1
Project("{FAE04EC0-301F-11D3-BF4B-00C04F79EFBC}") = "NewGenAcademy", "NewGenAcademy\NewGenAcademy.csproj", "{52D224F9-57E7-4B5D-974A-2EA547B040C9}"
EndProject
Global
	GlobalSection(SolutionConfigurationPlatforms) = preSolution
		Debug|Any CPU = Debug|Any CPU
		Release|Any CPU = Release|Any CPU
	EndGlobalSection
	GlobalSection(ProjectConfigurationPlatforms) = postSolution
		{52D224F9-57E7-4B5D-974A-2EA547B040C9}.Debug|Any CPU.ActiveCfg = Debug|Any CPU
		{52D224F9-57E7-4B5D-974A-2EA547B040C9}.Debug|Any CPU.Build.0 = Debug|Any CPU
		{52D224F9-57E7-4B5D-974A-2EA547B040C9}.Release|Any CPU.ActiveCfg = Release|Any CPU
		{52D224F9-57E7-4B5D-974A-2EA547B040C9}.Release|Any CPU.Build.0 = Release|Any CPU
	EndGlobalSection
	GlobalSection(SolutionProperties) = preSolution
		HideSolutionNode = FALSE
	EndGlobalSection
	GlobalSection(ExtensibilityGlobals) = postSolution
		SolutionGuid = {CCD18E7F-8FBA-441E-BC5D-A7C39E106ED9}
	EndGlobalSection
EndGlobal
